// !$*UTF8*$!
{
	archiveVersion = 1;
	classes = {
	};
	objectVersion = 50;
	objects = {

/* Begin PBXBuildFile section */
		05D526E021A85A520025CCEB /* main.cpp in Sources */ = {isa = PBXBuildFile; fileRef = 05D526DF21A85A520025CCEB /* main.cpp */; };
		05E572CE21AB136300D6E51C /* XSTestAssertFalse.cpp in Sources */ = {isa = PBXBuildFile; fileRef = 05E572CD21AB136300D6E51C /* XSTestAssertFalse.cpp */; };
		05E572D021AB13ED00D6E51C /* XSTestAssertTrue.cpp in Sources */ = {isa = PBXBuildFile; fileRef = 05E572CF21AB13ED00D6E51C /* XSTestAssertTrue.cpp */; };
		05E572D121AB145800D6E51C /* XSTest.cpp in Sources */ = {isa = PBXBuildFile; fileRef = 05E572C421AB0AC300D6E51C /* XSTest.cpp */; };
		05E572D221AB145800D6E51C /* XSTestFixture.cpp in Sources */ = {isa = PBXBuildFile; fileRef = 05E572C321AB0AC300D6E51C /* XSTestFixture.cpp */; };
		05E572D421AB149F00D6E51C /* XSTestAssertEqual.cpp in Sources */ = {isa = PBXBuildFile; fileRef = 05E572D321AB149F00D6E51C /* XSTestAssertEqual.cpp */; };
		05E572D621AB1BD700D6E51C /* XSTestAssertStringEqual.cpp in Sources */ = {isa = PBXBuildFile; fileRef = 05E572D521AB1BD700D6E51C /* XSTestAssertStringEqual.cpp */; };
		05E572D821AB1BE100D6E51C /* XSTestAssertStringNotEqual.cpp in Sources */ = {isa = PBXBuildFile; fileRef = 05E572D721AB1BE100D6E51C /* XSTestAssertStringNotEqual.cpp */; };
		05E572DA21AB1BED00D6E51C /* XSTestAssertStringEqualCaseInsensitive.cpp in Sources */ = {isa = PBXBuildFile; fileRef = 05E572D921AB1BED00D6E51C /* XSTestAssertStringEqualCaseInsensitive.cpp */; };
		05E572DC21AB1BF900D6E51C /* XSTestAssertStringNotEqualCaseInsensitive.cpp in Sources */ = {isa = PBXBuildFile; fileRef = 05E572DB21AB1BF900D6E51C /* XSTestAssertStringNotEqualCaseInsensitive.cpp */; };
		05E572DE21AB1DB800D6E51C /* XSTestAssertThrow.cpp in Sources */ = {isa = PBXBuildFile; fileRef = 05E572DD21AB1DB800D6E51C /* XSTestAssertThrow.cpp */; };
		05E572E021AB218300D6E51C /* XSTestAssertNoThrow.cpp in Sources */ = {isa = PBXBuildFile; fileRef = 05E572DF21AB218300D6E51C /* XSTestAssertNoThrow.cpp */; };
		05E572E221AB218F00D6E51C /* XSTestAssertAnyThrow.cpp in Sources */ = {isa = PBXBuildFile; fileRef = 05E572E121AB218F00D6E51C /* XSTestAssertAnyThrow.cpp */; };
		05E572E621AB240E00D6E51C /* XSTestAssertNotEqual.cpp in Sources */ = {isa = PBXBuildFile; fileRef = 05E572E521AB240E00D6E51C /* XSTestAssertNotEqual.cpp */; };
/* End PBXBuildFile section */

/* Begin PBXCopyFilesBuildPhase section */
		05D525E121A605160025CCEB /* CopyFiles */ = {
			isa = PBXCopyFilesBuildPhase;
			buildActionMask = 2147483647;
			dstPath = /usr/share/man/man1/;
			dstSubfolderSpec = 0;
			files = (
			);
			runOnlyForDeploymentPostprocessing = 1;
		};
/* End PBXCopyFilesBuildPhase section */

/* Begin PBXFileReference section */
		05D525AE21A604950025CCEB /* Release - ccache.xcconfig */ = {isa = PBXFileReference; lastKnownFileType = text.xcconfig; path = "Release - ccache.xcconfig"; sourceTree = "<group>"; };
		05D525AF21A604950025CCEB /* Common.xcconfig */ = {isa = PBXFileReference; lastKnownFileType = text.xcconfig; path = Common.xcconfig; sourceTree = "<group>"; };
		05D525B021A604950025CCEB /* Debug - ccache.xcconfig */ = {isa = PBXFileReference; lastKnownFileType = text.xcconfig; path = "Debug - ccache.xcconfig"; sourceTree = "<group>"; };
		05D525B121A604950025CCEB /* Debug.xcconfig */ = {isa = PBXFileReference; lastKnownFileType = text.xcconfig; path = Debug.xcconfig; sourceTree = "<group>"; };
		05D525B221A604950025CCEB /* Release.xcconfig */ = {isa = PBXFileReference; lastKnownFileType = text.xcconfig; path = Release.xcconfig; sourceTree = "<group>"; };
		05D525B321A604950025CCEB /* README.md */ = {isa = PBXFileReference; lastKnownFileType = net.daringfireball.markdown; path = README.md; sourceTree = "<group>"; };
		05D525B521A604950025CCEB /* Signing.xcconfig */ = {isa = PBXFileReference; lastKnownFileType = text.xcconfig; path = Signing.xcconfig; sourceTree = "<group>"; };
		05D525B621A604950025CCEB /* Architectures.xcconfig */ = {isa = PBXFileReference; lastKnownFileType = text.xcconfig; path = Architectures.xcconfig; sourceTree = "<group>"; };
		05D525B821A604950025CCEB /* Issues.xcconfig */ = {isa = PBXFileReference; lastKnownFileType = text.xcconfig; path = Issues.xcconfig; sourceTree = "<group>"; };
		05D525BA21A604950025CCEB /* Apple-APIs.xcconfig */ = {isa = PBXFileReference; lastKnownFileType = text.xcconfig; path = "Apple-APIs.xcconfig"; sourceTree = "<group>"; };
		05D525BB21A604950025CCEB /* Generic-Issues.xcconfig */ = {isa = PBXFileReference; lastKnownFileType = text.xcconfig; path = "Generic-Issues.xcconfig"; sourceTree = "<group>"; };
		05D525BC21A604950025CCEB /* Security.xcconfig */ = {isa = PBXFileReference; lastKnownFileType = text.xcconfig; path = Security.xcconfig; sourceTree = "<group>"; };
		05D525BD21A604950025CCEB /* Objective-C.xcconfig */ = {isa = PBXFileReference; lastKnownFileType = text.xcconfig; path = "Objective-C.xcconfig"; sourceTree = "<group>"; };
		05D525BE21A604950025CCEB /* Analysis-Policy.xcconfig */ = {isa = PBXFileReference; lastKnownFileType = text.xcconfig; path = "Analysis-Policy.xcconfig"; sourceTree = "<group>"; };
		05D525BF21A604950025CCEB /* Deployment.xcconfig */ = {isa = PBXFileReference; lastKnownFileType = text.xcconfig; path = Deployment.xcconfig; sourceTree = "<group>"; };
		05D525C021A604950025CCEB /* Build-Options.xcconfig */ = {isa = PBXFileReference; lastKnownFileType = text.xcconfig; path = "Build-Options.xcconfig"; sourceTree = "<group>"; };
		05D525C121A604950025CCEB /* Swift-Compiler.xcconfig */ = {isa = PBXFileReference; lastKnownFileType = text.xcconfig; path = "Swift-Compiler.xcconfig"; sourceTree = "<group>"; };
		05D525C221A604950025CCEB /* Static-Analyzer.xcconfig */ = {isa = PBXFileReference; lastKnownFileType = text.xcconfig; path = "Static-Analyzer.xcconfig"; sourceTree = "<group>"; };
		05D525C421A604950025CCEB /* Warnings-Policies.xcconfig */ = {isa = PBXFileReference; lastKnownFileType = text.xcconfig; path = "Warnings-Policies.xcconfig"; sourceTree = "<group>"; };
		05D525C521A604950025CCEB /* Code-Generation.xcconfig */ = {isa = PBXFileReference; lastKnownFileType = text.xcconfig; path = "Code-Generation.xcconfig"; sourceTree = "<group>"; };
		05D525C621A604950025CCEB /* Language.xcconfig */ = {isa = PBXFileReference; lastKnownFileType = text.xcconfig; path = Language.xcconfig; sourceTree = "<group>"; };
		05D525C721A604950025CCEB /* General.xcconfig */ = {isa = PBXFileReference; lastKnownFileType = text.xcconfig; path = General.xcconfig; sourceTree = "<group>"; };
		05D525C821A604950025CCEB /* Search-Paths.xcconfig */ = {isa = PBXFileReference; lastKnownFileType = text.xcconfig; path = "Search-Paths.xcconfig"; sourceTree = "<group>"; };
		05D525C921A604950025CCEB /* Apple-LLVM.xcconfig */ = {isa = PBXFileReference; lastKnownFileType = text.xcconfig; path = "Apple-LLVM.xcconfig"; sourceTree = "<group>"; };
		05D525CC21A604950025CCEB /* Modules.xcconfig */ = {isa = PBXFileReference; lastKnownFileType = text.xcconfig; path = Modules.xcconfig; sourceTree = "<group>"; };
		05D525CD21A604950025CCEB /* Objective-C.xcconfig */ = {isa = PBXFileReference; lastKnownFileType = text.xcconfig; path = "Objective-C.xcconfig"; sourceTree = "<group>"; };
		05D525CE21A604950025CCEB /* C++.xcconfig */ = {isa = PBXFileReference; lastKnownFileType = text.xcconfig; path = "C++.xcconfig"; sourceTree = "<group>"; };
		05D525CF21A604950025CCEB /* Code-Generation.xcconfig */ = {isa = PBXFileReference; lastKnownFileType = text.xcconfig; path = "Code-Generation.xcconfig"; sourceTree = "<group>"; };
		05D525D021A604950025CCEB /* Address-Sanitizer.xcconfig */ = {isa = PBXFileReference; lastKnownFileType = text.xcconfig; path = "Address-Sanitizer.xcconfig"; sourceTree = "<group>"; };
		05D525D121A604950025CCEB /* Language.xcconfig */ = {isa = PBXFileReference; lastKnownFileType = text.xcconfig; path = Language.xcconfig; sourceTree = "<group>"; };
		05D525D221A604950025CCEB /* Warnings.xcconfig */ = {isa = PBXFileReference; lastKnownFileType = text.xcconfig; path = Warnings.xcconfig; sourceTree = "<group>"; };
		05D525D321A604950025CCEB /* Undefined-Behavior-Sanitizer.xcconfig */ = {isa = PBXFileReference; lastKnownFileType = text.xcconfig; path = "Undefined-Behavior-Sanitizer.xcconfig"; sourceTree = "<group>"; };
		05D525D421A604950025CCEB /* Warning-Policies.xcconfig */ = {isa = PBXFileReference; lastKnownFileType = text.xcconfig; path = "Warning-Policies.xcconfig"; sourceTree = "<group>"; };
		05D525D621A604950025CCEB /* Objective-C-ARC.xcconfig */ = {isa = PBXFileReference; lastKnownFileType = text.xcconfig; path = "Objective-C-ARC.xcconfig"; sourceTree = "<group>"; };
		05D525D721A604950025CCEB /* Objective-C.xcconfig */ = {isa = PBXFileReference; lastKnownFileType = text.xcconfig; path = "Objective-C.xcconfig"; sourceTree = "<group>"; };
		05D525D821A604950025CCEB /* C++.xcconfig */ = {isa = PBXFileReference; lastKnownFileType = text.xcconfig; path = "C++.xcconfig"; sourceTree = "<group>"; };
		05D525D921A604950025CCEB /* All-Languages.xcconfig */ = {isa = PBXFileReference; lastKnownFileType = text.xcconfig; path = "All-Languages.xcconfig"; sourceTree = "<group>"; };
		05D525DA21A604950025CCEB /* Preprocessing.xcconfig */ = {isa = PBXFileReference; lastKnownFileType = text.xcconfig; path = Preprocessing.xcconfig; sourceTree = "<group>"; };
		05D525DB21A604950025CCEB /* .gitignore */ = {isa = PBXFileReference; lastKnownFileType = text; path = .gitignore; sourceTree = "<group>"; };
		05D525DD21A604950025CCEB /* ccache-config.sh */ = {isa = PBXFileReference; lastKnownFileType = text.script.sh; path = "ccache-config.sh"; sourceTree = "<group>"; };
		05D525DE21A604950025CCEB /* ccache.sh */ = {isa = PBXFileReference; lastKnownFileType = text.script.sh; path = ccache.sh; sourceTree = "<group>"; };
		05D525E321A605160025CCEB /* TestExec */ = {isa = PBXFileReference; explicitFileType = "compiled.mach-o.executable"; includeInIndex = 0; path = TestExec; sourceTree = BUILT_PRODUCTS_DIR; };
		05D5266921A6EC430025CCEB /* XCTest.framework */ = {isa = PBXFileReference; lastKnownFileType = wrapper.framework; name = XCTest.framework; path = Platforms/MacOSX.platform/Developer/Library/Frameworks/XCTest.framework; sourceTree = DEVELOPER_DIR; };
		05D5266C21A6EC7B0025CCEB /* libc++.tbd */ = {isa = PBXFileReference; lastKnownFileType = "sourcecode.text-based-dylib-definition"; name = "libc++.tbd"; path = "usr/lib/libc++.tbd"; sourceTree = SDKROOT; };
		05D5269221A714C90025CCEB /* Foundation.framework */ = {isa = PBXFileReference; lastKnownFileType = wrapper.framework; name = Foundation.framework; path = System/Library/Frameworks/Foundation.framework; sourceTree = SDKROOT; };
		05D526DF21A85A520025CCEB /* main.cpp */ = {isa = PBXFileReference; lastKnownFileType = sourcecode.cpp.cpp; path = main.cpp; sourceTree = "<group>"; };
		05E572C321AB0AC300D6E51C /* XSTestFixture.cpp */ = {isa = PBXFileReference; fileEncoding = 4; lastKnownFileType = sourcecode.cpp.cpp; path = XSTestFixture.cpp; sourceTree = "<group>"; };
		05E572C421AB0AC300D6E51C /* XSTest.cpp */ = {isa = PBXFileReference; fileEncoding = 4; lastKnownFileType = sourcecode.cpp.cpp; path = XSTest.cpp; sourceTree = "<group>"; };
		05E572CD21AB136300D6E51C /* XSTestAssertFalse.cpp */ = {isa = PBXFileReference; lastKnownFileType = sourcecode.cpp.cpp; path = XSTestAssertFalse.cpp; sourceTree = "<group>"; };
		05E572CF21AB13ED00D6E51C /* XSTestAssertTrue.cpp */ = {isa = PBXFileReference; lastKnownFileType = sourcecode.cpp.cpp; path = XSTestAssertTrue.cpp; sourceTree = "<group>"; };
		05E572D321AB149F00D6E51C /* XSTestAssertEqual.cpp */ = {isa = PBXFileReference; lastKnownFileType = sourcecode.cpp.cpp; path = XSTestAssertEqual.cpp; sourceTree = "<group>"; };
		05E572D521AB1BD700D6E51C /* XSTestAssertStringEqual.cpp */ = {isa = PBXFileReference; lastKnownFileType = sourcecode.cpp.cpp; path = XSTestAssertStringEqual.cpp; sourceTree = "<group>"; };
		05E572D721AB1BE100D6E51C /* XSTestAssertStringNotEqual.cpp */ = {isa = PBXFileReference; lastKnownFileType = sourcecode.cpp.cpp; path = XSTestAssertStringNotEqual.cpp; sourceTree = "<group>"; };
		05E572D921AB1BED00D6E51C /* XSTestAssertStringEqualCaseInsensitive.cpp */ = {isa = PBXFileReference; lastKnownFileType = sourcecode.cpp.cpp; path = XSTestAssertStringEqualCaseInsensitive.cpp; sourceTree = "<group>"; };
		05E572DB21AB1BF900D6E51C /* XSTestAssertStringNotEqualCaseInsensitive.cpp */ = {isa = PBXFileReference; lastKnownFileType = sourcecode.cpp.cpp; path = XSTestAssertStringNotEqualCaseInsensitive.cpp; sourceTree = "<group>"; };
		05E572DD21AB1DB800D6E51C /* XSTestAssertThrow.cpp */ = {isa = PBXFileReference; lastKnownFileType = sourcecode.cpp.cpp; path = XSTestAssertThrow.cpp; sourceTree = "<group>"; };
		05E572DF21AB218300D6E51C /* XSTestAssertNoThrow.cpp */ = {isa = PBXFileReference; lastKnownFileType = sourcecode.cpp.cpp; path = XSTestAssertNoThrow.cpp; sourceTree = "<group>"; };
		05E572E121AB218F00D6E51C /* XSTestAssertAnyThrow.cpp */ = {isa = PBXFileReference; lastKnownFileType = sourcecode.cpp.cpp; path = XSTestAssertAnyThrow.cpp; sourceTree = "<group>"; };
		05E572E521AB240E00D6E51C /* XSTestAssertNotEqual.cpp */ = {isa = PBXFileReference; lastKnownFileType = sourcecode.cpp.cpp; path = XSTestAssertNotEqual.cpp; sourceTree = "<group>"; };
/* End PBXFileReference section */

/* Begin PBXFrameworksBuildPhase section */
		05D525E021A605160025CCEB /* Frameworks */ = {
			isa = PBXFrameworksBuildPhase;
			buildActionMask = 2147483647;
			files = (
			);
			runOnlyForDeploymentPostprocessing = 0;
		};
/* End PBXFrameworksBuildPhase section */

/* Begin PBXGroup section */
		05D5257F21A5FD520025CCEB = {
			isa = PBXGroup;
			children = (
				05D525AD21A604950025CCEB /* xcconfig */,
				05D5264721A6C0D10025CCEB /* Test */,
				05D5258921A5FD520025CCEB /* Products */,
				05D525EC21A605500025CCEB /* Frameworks */,
			);
			sourceTree = "<group>";
		};
		05D5258921A5FD520025CCEB /* Products */ = {
			isa = PBXGroup;
			children = (
				05D525E321A605160025CCEB /* TestExec */,
			);
			name = Products;
			sourceTree = "<group>";
		};
		05D525AD21A604950025CCEB /* xcconfig */ = {
			isa = PBXGroup;
			children = (
				05D525AE21A604950025CCEB /* Release - ccache.xcconfig */,
				05D525AF21A604950025CCEB /* Common.xcconfig */,
				05D525B021A604950025CCEB /* Debug - ccache.xcconfig */,
				05D525B121A604950025CCEB /* Debug.xcconfig */,
				05D525B221A604950025CCEB /* Release.xcconfig */,
				05D525B321A604950025CCEB /* README.md */,
				05D525B421A604950025CCEB /* Common */,
				05D525DB21A604950025CCEB /* .gitignore */,
				05D525DC21A604950025CCEB /* Scripts */,
			);
			name = xcconfig;
			path = Submodules/xcconfig;
			sourceTree = "<group>";
		};
		05D525B421A604950025CCEB /* Common */ = {
			isa = PBXGroup;
			children = (
				05D525B521A604950025CCEB /* Signing.xcconfig */,
				05D525B621A604950025CCEB /* Architectures.xcconfig */,
				05D525B721A604950025CCEB /* Static-Analyzer */,
				05D525BF21A604950025CCEB /* Deployment.xcconfig */,
				05D525C021A604950025CCEB /* Build-Options.xcconfig */,
				05D525C121A604950025CCEB /* Swift-Compiler.xcconfig */,
				05D525C221A604950025CCEB /* Static-Analyzer.xcconfig */,
				05D525C321A604950025CCEB /* Swift-Compiler */,
				05D525C821A604950025CCEB /* Search-Paths.xcconfig */,
				05D525C921A604950025CCEB /* Apple-LLVM.xcconfig */,
				05D525CA21A604950025CCEB /* Apple-LLVM */,
			);
			path = Common;
			sourceTree = "<group>";
		};
		05D525B721A604950025CCEB /* Static-Analyzer */ = {
			isa = PBXGroup;
			children = (
				05D525B821A604950025CCEB /* Issues.xcconfig */,
				05D525B921A604950025CCEB /* Issues */,
			);
			path = "Static-Analyzer";
			sourceTree = "<group>";
		};
		05D525B921A604950025CCEB /* Issues */ = {
			isa = PBXGroup;
			children = (
				05D525BA21A604950025CCEB /* Apple-APIs.xcconfig */,
				05D525BB21A604950025CCEB /* Generic-Issues.xcconfig */,
				05D525BC21A604950025CCEB /* Security.xcconfig */,
				05D525BD21A604950025CCEB /* Objective-C.xcconfig */,
				05D525BE21A604950025CCEB /* Analysis-Policy.xcconfig */,
			);
			path = Issues;
			sourceTree = "<group>";
		};
		05D525C321A604950025CCEB /* Swift-Compiler */ = {
			isa = PBXGroup;
			children = (
				05D525C421A604950025CCEB /* Warnings-Policies.xcconfig */,
				05D525C521A604950025CCEB /* Code-Generation.xcconfig */,
				05D525C621A604950025CCEB /* Language.xcconfig */,
				05D525C721A604950025CCEB /* General.xcconfig */,
			);
			path = "Swift-Compiler";
			sourceTree = "<group>";
		};
		05D525CA21A604950025CCEB /* Apple-LLVM */ = {
			isa = PBXGroup;
			children = (
				05D525CB21A604950025CCEB /* Language */,
				05D525CF21A604950025CCEB /* Code-Generation.xcconfig */,
				05D525D021A604950025CCEB /* Address-Sanitizer.xcconfig */,
				05D525D121A604950025CCEB /* Language.xcconfig */,
				05D525D221A604950025CCEB /* Warnings.xcconfig */,
				05D525D321A604950025CCEB /* Undefined-Behavior-Sanitizer.xcconfig */,
				05D525D421A604950025CCEB /* Warning-Policies.xcconfig */,
				05D525D521A604950025CCEB /* Warnings */,
				05D525DA21A604950025CCEB /* Preprocessing.xcconfig */,
			);
			path = "Apple-LLVM";
			sourceTree = "<group>";
		};
		05D525CB21A604950025CCEB /* Language */ = {
			isa = PBXGroup;
			children = (
				05D525CC21A604950025CCEB /* Modules.xcconfig */,
				05D525CD21A604950025CCEB /* Objective-C.xcconfig */,
				05D525CE21A604950025CCEB /* C++.xcconfig */,
			);
			path = Language;
			sourceTree = "<group>";
		};
		05D525D521A604950025CCEB /* Warnings */ = {
			isa = PBXGroup;
			children = (
				05D525D621A604950025CCEB /* Objective-C-ARC.xcconfig */,
				05D525D721A604950025CCEB /* Objective-C.xcconfig */,
				05D525D821A604950025CCEB /* C++.xcconfig */,
				05D525D921A604950025CCEB /* All-Languages.xcconfig */,
			);
			path = Warnings;
			sourceTree = "<group>";
		};
		05D525DC21A604950025CCEB /* Scripts */ = {
			isa = PBXGroup;
			children = (
				05D525DD21A604950025CCEB /* ccache-config.sh */,
				05D525DE21A604950025CCEB /* ccache.sh */,
			);
			path = Scripts;
			sourceTree = "<group>";
		};
		05D525EC21A605500025CCEB /* Frameworks */ = {
			isa = PBXGroup;
			children = (
				05D5269221A714C90025CCEB /* Foundation.framework */,
				05D5266C21A6EC7B0025CCEB /* libc++.tbd */,
				05D5266921A6EC430025CCEB /* XCTest.framework */,
			);
			name = Frameworks;
			sourceTree = "<group>";
		};
		05D5264721A6C0D10025CCEB /* Test */ = {
			isa = PBXGroup;
			children = (
				05D526DF21A85A520025CCEB /* main.cpp */,
				05E572C421AB0AC300D6E51C /* XSTest.cpp */,
				05E572D321AB149F00D6E51C /* XSTestAssertEqual.cpp */,
				05E572E521AB240E00D6E51C /* XSTestAssertNotEqual.cpp */,
				05E572CD21AB136300D6E51C /* XSTestAssertFalse.cpp */,
				05E572D521AB1BD700D6E51C /* XSTestAssertStringEqual.cpp */,
				05E572D921AB1BED00D6E51C /* XSTestAssertStringEqualCaseInsensitive.cpp */,
				05E572D721AB1BE100D6E51C /* XSTestAssertStringNotEqual.cpp */,
				05E572DB21AB1BF900D6E51C /* XSTestAssertStringNotEqualCaseInsensitive.cpp */,
				05E572CF21AB13ED00D6E51C /* XSTestAssertTrue.cpp */,
				05E572C321AB0AC300D6E51C /* XSTestFixture.cpp */,
				05E572DD21AB1DB800D6E51C /* XSTestAssertThrow.cpp */,
				05E572DF21AB218300D6E51C /* XSTestAssertNoThrow.cpp */,
				05E572E121AB218F00D6E51C /* XSTestAssertAnyThrow.cpp */,
			);
			path = Test;
			sourceTree = "<group>";
		};
/* End PBXGroup section */

/* Begin PBXNativeTarget section */
		05D525E221A605160025CCEB /* TestExec */ = {
			isa = PBXNativeTarget;
			buildConfigurationList = 05D525E721A605160025CCEB /* Build configuration list for PBXNativeTarget "TestExec" */;
			buildPhases = (
				05D525DF21A605160025CCEB /* Sources */,
				05D525E021A605160025CCEB /* Frameworks */,
				05D525E121A605160025CCEB /* CopyFiles */,
			);
			buildRules = (
			);
			dependencies = (
			);
			name = TestExec;
			productName = Test;
			productReference = 05D525E321A605160025CCEB /* TestExec */;
			productType = "com.apple.product-type.tool";
		};
/* End PBXNativeTarget section */

/* Begin PBXProject section */
		05D5258021A5FD520025CCEB /* Project object */ = {
			isa = PBXProject;
			attributes = {
				LastUpgradeCheck = 1010;
				ORGANIZATIONNAME = "XS-Labs";
				TargetAttributes = {
					05D525E221A605160025CCEB = {
						CreatedOnToolsVersion = 10.1;
					};
				};
			};
			buildConfigurationList = 05D5258321A5FD520025CCEB /* Build configuration list for PBXProject "Test-Standalone" */;
			compatibilityVersion = "Xcode 9.3";
			developmentRegion = en;
			hasScannedForEncodings = 0;
			knownRegions = (
				en,
			);
			mainGroup = 05D5257F21A5FD520025CCEB;
			productRefGroup = 05D5258921A5FD520025CCEB /* Products */;
			projectDirPath = "";
			projectRoot = "";
			targets = (
				05D525E221A605160025CCEB /* TestExec */,
			);
		};
/* End PBXProject section */

/* Begin PBXSourcesBuildPhase section */
		05D525DF21A605160025CCEB /* Sources */ = {
			isa = PBXSourcesBuildPhase;
			buildActionMask = 2147483647;
			files = (
				05E572DA21AB1BED00D6E51C /* XSTestAssertStringEqualCaseInsensitive.cpp in Sources */,
				05E572DE21AB1DB800D6E51C /* XSTestAssertThrow.cpp in Sources */,
				05E572E221AB218F00D6E51C /* XSTestAssertAnyThrow.cpp in Sources */,
				05E572CE21AB136300D6E51C /* XSTestAssertFalse.cpp in Sources */,
				05E572D421AB149F00D6E51C /* XSTestAssertEqual.cpp in Sources */,
				05E572E621AB240E00D6E51C /* XSTestAssertNotEqual.cpp in Sources */,
				05E572D221AB145800D6E51C /* XSTestFixture.cpp in Sources */,
				05E572DC21AB1BF900D6E51C /* XSTestAssertStringNotEqualCaseInsensitive.cpp in Sources */,
				05E572D021AB13ED00D6E51C /* XSTestAssertTrue.cpp in Sources */,
				05E572D821AB1BE100D6E51C /* XSTestAssertStringNotEqual.cpp in Sources */,
				05E572D121AB145800D6E51C /* XSTest.cpp in Sources */,
				05D526E021A85A520025CCEB /* main.cpp in Sources */,
				05E572E021AB218300D6E51C /* XSTestAssertNoThrow.cpp in Sources */,
				05E572D621AB1BD700D6E51C /* XSTestAssertStringEqual.cpp in Sources */,
			);
			runOnlyForDeploymentPostprocessing = 0;
		};
/* End PBXSourcesBuildPhase section */

/* Begin XCBuildConfiguration section */
		05D5259121A5FD520025CCEB /* Debug */ = {
			isa = XCBuildConfiguration;
			baseConfigurationReference = 05D525B121A604950025CCEB /* Debug.xcconfig */;
			buildSettings = {
				CLANG_ENABLE_CODE_COVERAGE = NO;
				GCC_GENERATE_TEST_COVERAGE_FILES = NO;
				GCC_INSTRUMENT_PROGRAM_FLOW_ARCS = NO;
				HEADER_SEARCH_PATHS = "$(SRCROOT)/XSTest/include";
				MACOSX_DEPLOYMENT_TARGET = 10.7;
			};
			name = Debug;
		};
		05D5259221A5FD520025CCEB /* Release */ = {
			isa = XCBuildConfiguration;
			baseConfigurationReference = 05D525B221A604950025CCEB /* Release.xcconfig */;
			buildSettings = {
				CLANG_ENABLE_CODE_COVERAGE = NO;
				GCC_GENERATE_TEST_COVERAGE_FILES = NO;
				GCC_INSTRUMENT_PROGRAM_FLOW_ARCS = NO;
				HEADER_SEARCH_PATHS = "$(SRCROOT)/XSTest/include";
				MACOSX_DEPLOYMENT_TARGET = 10.7;
			};
			name = Release;
		};
		05D525E821A605160025CCEB /* Debug */ = {
			isa = XCBuildConfiguration;
			buildSettings = {
				PRODUCT_NAME = "$(TARGET_NAME)";
			};
			name = Debug;
		};
		05D525E921A605160025CCEB /* Release */ = {
			isa = XCBuildConfiguration;
			buildSettings = {
				PRODUCT_NAME = "$(TARGET_NAME)";
			};
			name = Release;
		};
/* End XCBuildConfiguration section */

/* Begin XCConfigurationList section */
		05D5258321A5FD520025CCEB /* Build configuration list for PBXProject "Test-Standalone" */ = {
			isa = XCConfigurationList;
			buildConfigurations = (
				05D5259121A5FD520025CCEB /* Debug */,
				05D5259221A5FD520025CCEB /* Release */,
			);
			defaultConfigurationIsVisible = 0;
			defaultConfigurationName = Release;
		};
		05D525E721A605160025CCEB /* Build configuration list for PBXNativeTarget "TestExec" */ = {
			isa = XCConfigurationList;
			buildConfigurations = (
				05D525E821A605160025CCEB /* Debug */,
				05D525E921A605160025CCEB /* Release */,
			);
			defaultConfigurationIsVisible = 0;
			defaultConfigurationName = Release;
		};
/* End XCConfigurationList section */
	};
	rootObject = 05D5258021A5FD520025CCEB /* Project object */;
}
